
Microsoft Visual Studio Solution File, Format Version 12.00
# Visual Studio Version 17
VisualStudioVersion = 17.10.35013.160
MinimumVisualStudioVersion = 10.0.40219.1
Project("{9A19103F-16F7-4668-BE54-9A1E7A4F7556}") = "Sample", "Sample\Sample.csproj", "{852F8AB2-1E5D-401D-BC9B-FE9FC3225F0C}"
	ProjectSection(ProjectDependencies) = postProject
		{73809E96-D5AF-4420-B2C8-E69E09184A65} = {73809E96-D5AF-4420-B2C8-E69E09184A65}
	EndProjectSection
EndProject
Project("{9A19103F-16F7-4668-BE54-9A1E7A4F7556}") = "eTranslate", "eTranslate\eTranslate.csproj", "{73809E96-D5AF-4420-B2C8-E69E09184A65}"
EndProject
Global
	GlobalSection(SolutionConfigurationPlatforms) = preSolution
		Debug|Any CPU = Debug|Any CPU
		Release|Any CPU = Release|Any CPU
	EndGlobalSection
	GlobalSection(ProjectConfigurationPlatforms) = postSolution
		{852F8AB2-1E5D-401D-BC9B-FE9FC3225F0C}.Debug|Any CPU.ActiveCfg = Debug|Any CPU
		{852F8AB2-1E5D-401D-BC9B-FE9FC3225F0C}.Debug|Any CPU.Build.0 = Debug|Any CPU
		{852F8AB2-1E5D-401D-BC9B-FE9FC3225F0C}.Release|Any CPU.ActiveCfg = Release|Any CPU
		{852F8AB2-1E5D-401D-BC9B-FE9FC3225F0C}.Release|Any CPU.Build.0 = Release|Any CPU
		{73809E96-D5AF-4420-B2C8-E69E09184A65}.Debug|Any CPU.ActiveCfg = Debug|Any CPU
		{73809E96-D5AF-4420-B2C8-E69E09184A65}.Debug|Any CPU.Build.0 = Debug|Any CPU
		{73809E96-D5AF-4420-B2C8-E69E09184A65}.Release|Any CPU.ActiveCfg = Release|Any CPU
		{73809E96-D5AF-4420-B2C8-E69E09184A65}.Release|Any CPU.Build.0 = Release|Any CPU
	EndGlobalSection
	GlobalSection(SolutionProperties) = preSolution
		HideSolutionNode = FALSE
	EndGlobalSection
	GlobalSection(ExtensibilityGlobals) = postSolution
		SolutionGuid = {C24862D7-EFEE-40EE-939B-0454BD8B901B}
	EndGlobalSection
EndGlobal
